
Microsoft Visual Studio Solution File, Format Version 12.00
# Visual Studio Version 17
VisualStudioVersion = 17.0.31512.422
MinimumVisualStudioVersion = 15.0.26124.0
Project("{2150E333-8FDC-42A3-9474-1A3956D46DE8}") = "Assets", "Assets", "{C78AC8C6-8CE2-4C77-9493-3E6F22D4F82B}"
	ProjectSection(SolutionItems) = preProject
		LICENSE.md = LICENSE.md
		.config\assets\nuget.png = .config\assets\nuget.png
		README.md = README.md
	EndProjectSection
EndProject
Project("{2150E333-8FDC-42A3-9474-1A3956D46DE8}") = "Configuration", "Configuration", "{0577A3E6-642A-4865-90E7-70103A1B0880}"
	ProjectSection(SolutionItems) = preProject
		.editorconfig = .editorconfig
		.gitignore = .gitignore
		.globalconfig = .globalconfig
		.runsettings = .runsettings
		Directory.Build.props = Directory.Build.props
		Directory.Build.targets = Directory.Build.targets
		Directory.Packages.props = Directory.Packages.props
		dotnet.ruleset = dotnet.ruleset
		GitVersion.yml = GitVersion.yml
		stylecop.json = stylecop.json
		xunit.runner.json = xunit.runner.json
	EndProjectSection
EndProject
Project("{2150E333-8FDC-42A3-9474-1A3956D46DE8}") = "src", "src", "{52270E06-D3BB-4B8E-A261-377E460B5FD5}"
	ProjectSection(SolutionItems) = preProject
		src\Directory.build.props = src\Directory.build.props
	EndProjectSection
EndProject
Project("{2150E333-8FDC-42A3-9474-1A3956D46DE8}") = "tests", "tests", "{4FAAB5E4-2D81-4062-90D2-6F68DF746BD2}"
	ProjectSection(SolutionItems) = preProject
		tests\Directory.Build.props = tests\Directory.Build.props
	EndProjectSection
EndProject
Project("{2150E333-8FDC-42A3-9474-1A3956D46DE8}") = "samples", "samples", "{95906F8E-04C3-49F0-96D5-D6B78A8FF9C9}"
	ProjectSection(SolutionItems) = preProject
		samples\Directory.Build.props = samples\Directory.Build.props
	EndProjectSection
EndProject
Project("{2150E333-8FDC-42A3-9474-1A3956D46DE8}") = "Solution Items", "Solution Items", "{18FB97B3-3321-4F9B-B3A1-12BC0DE1D000}"
EndProject
Project("{9A19103F-16F7-4668-BE54-9A1E7A4F7556}") = "Extensions.Version", "src\Extensions.Version\Extensions.Version.csproj", "{47DB5AB3-458A-4CA9-BB6F-7178EC717FD7}"
EndProject
Project("{9A19103F-16F7-4668-BE54-9A1E7A4F7556}") = "Extensions.VersionTests", "tests\Extensions.VersionTests\Extensions.VersionTests.csproj", "{6FB124C4-2BF9-4418-92A5-833B7E31F4AA}"
EndProject
Project("{9A19103F-16F7-4668-BE54-9A1E7A4F7556}") = "Extensions.Linq", "src\Extensions.Linq\Extensions.Linq.csproj", "{62C826BE-46A7-406F-B2A7-BB5CFA5D2951}"
EndProject
Project("{9A19103F-16F7-4668-BE54-9A1E7A4F7556}") = "Extensions.LinqTests", "tests\Extensions.LinqTests\Extensions.LinqTests.csproj", "{11E8BB7F-D884-4EAD-B5FD-A44449652F76}"
EndProject
Project("{9A19103F-16F7-4668-BE54-9A1E7A4F7556}") = "Extensions.Primitive", "src\Extensions.Primitive\Extensions.Primitive.csproj", "{68AB8A1A-AB8A-498F-A86D-D9B3983D0668}"
EndProject
Project("{9A19103F-16F7-4668-BE54-9A1E7A4F7556}") = "Extensions.Linq.Samples", "samples\Extensions.Linq.Samples\Extensions.Linq.Samples.csproj", "{4F9D2447-81EE-4759-9A47-D93135C6C063}"
EndProject
Project("{9A19103F-16F7-4668-BE54-9A1E7A4F7556}") = "Extensions.PrimitiveTests", "tests\Extensions.PrimitiveTests\Extensions.PrimitiveTests.csproj", "{0175D7B1-5497-40AE-B282-E41A6CE4224F}"
EndProject
Project("{9A19103F-16F7-4668-BE54-9A1E7A4F7556}") = "Extensions.Version.DependencyInjection", "src\Extensions.Version.DependencyInjection\Extensions.Version.DependencyInjection.csproj", "{C9D9B453-7CFB-4A3B-B61A-79E5FD8D19EB}"
EndProject
Global
	GlobalSection(SolutionConfigurationPlatforms) = preSolution
		Debug|Any CPU = Debug|Any CPU
		Release|Any CPU = Release|Any CPU
	EndGlobalSection
	GlobalSection(ProjectConfigurationPlatforms) = postSolution
		{47DB5AB3-458A-4CA9-BB6F-7178EC717FD7}.Debug|Any CPU.ActiveCfg = Debug|Any CPU
		{47DB5AB3-458A-4CA9-BB6F-7178EC717FD7}.Debug|Any CPU.Build.0 = Debug|Any CPU
		{47DB5AB3-458A-4CA9-BB6F-7178EC717FD7}.Release|Any CPU.ActiveCfg = Release|Any CPU
		{47DB5AB3-458A-4CA9-BB6F-7178EC717FD7}.Release|Any CPU.Build.0 = Release|Any CPU
		{6FB124C4-2BF9-4418-92A5-833B7E31F4AA}.Debug|Any CPU.ActiveCfg = Debug|Any CPU
		{6FB124C4-2BF9-4418-92A5-833B7E31F4AA}.Debug|Any CPU.Build.0 = Debug|Any CPU
		{6FB124C4-2BF9-4418-92A5-833B7E31F4AA}.Release|Any CPU.ActiveCfg = Release|Any CPU
		{6FB124C4-2BF9-4418-92A5-833B7E31F4AA}.Release|Any CPU.Build.0 = Release|Any CPU
		{62C826BE-46A7-406F-B2A7-BB5CFA5D2951}.Debug|Any CPU.ActiveCfg = Debug|Any CPU
		{62C826BE-46A7-406F-B2A7-BB5CFA5D2951}.Debug|Any CPU.Build.0 = Debug|Any CPU
		{62C826BE-46A7-406F-B2A7-BB5CFA5D2951}.Release|Any CPU.ActiveCfg = Release|Any CPU
		{62C826BE-46A7-406F-B2A7-BB5CFA5D2951}.Release|Any CPU.Build.0 = Release|Any CPU
		{11E8BB7F-D884-4EAD-B5FD-A44449652F76}.Debug|Any CPU.ActiveCfg = Debug|Any CPU
		{11E8BB7F-D884-4EAD-B5FD-A44449652F76}.Debug|Any CPU.Build.0 = Debug|Any CPU
		{11E8BB7F-D884-4EAD-B5FD-A44449652F76}.Release|Any CPU.ActiveCfg = Release|Any CPU
		{11E8BB7F-D884-4EAD-B5FD-A44449652F76}.Release|Any CPU.Build.0 = Release|Any CPU
		{68AB8A1A-AB8A-498F-A86D-D9B3983D0668}.Debug|Any CPU.ActiveCfg = Debug|Any CPU
		{68AB8A1A-AB8A-498F-A86D-D9B3983D0668}.Debug|Any CPU.Build.0 = Debug|Any CPU
		{68AB8A1A-AB8A-498F-A86D-D9B3983D0668}.Release|Any CPU.ActiveCfg = Release|Any CPU
		{68AB8A1A-AB8A-498F-A86D-D9B3983D0668}.Release|Any CPU.Build.0 = Release|Any CPU
		{4F9D2447-81EE-4759-9A47-D93135C6C063}.Debug|Any CPU.ActiveCfg = Debug|Any CPU
		{4F9D2447-81EE-4759-9A47-D93135C6C063}.Debug|Any CPU.Build.0 = Debug|Any CPU
		{4F9D2447-81EE-4759-9A47-D93135C6C063}.Release|Any CPU.ActiveCfg = Release|Any CPU
		{4F9D2447-81EE-4759-9A47-D93135C6C063}.Release|Any CPU.Build.0 = Release|Any CPU
		{0175D7B1-5497-40AE-B282-E41A6CE4224F}.Debug|Any CPU.ActiveCfg = Debug|Any CPU
		{0175D7B1-5497-40AE-B282-E41A6CE4224F}.Debug|Any CPU.Build.0 = Debug|Any CPU
		{0175D7B1-5497-40AE-B282-E41A6CE4224F}.Release|Any CPU.ActiveCfg = Release|Any CPU
		{0175D7B1-5497-40AE-B282-E41A6CE4224F}.Release|Any CPU.Build.0 = Release|Any CPU
		{C9D9B453-7CFB-4A3B-B61A-79E5FD8D19EB}.Debug|Any CPU.ActiveCfg = Debug|Any CPU
		{C9D9B453-7CFB-4A3B-B61A-79E5FD8D19EB}.Debug|Any CPU.Build.0 = Debug|Any CPU
		{C9D9B453-7CFB-4A3B-B61A-79E5FD8D19EB}.Release|Any CPU.ActiveCfg = Release|Any CPU
		{C9D9B453-7CFB-4A3B-B61A-79E5FD8D19EB}.Release|Any CPU.Build.0 = Release|Any CPU
	EndGlobalSection
	GlobalSection(SolutionProperties) = preSolution
		HideSolutionNode = FALSE
	EndGlobalSection
	GlobalSection(NestedProjects) = preSolution
		{47DB5AB3-458A-4CA9-BB6F-7178EC717FD7} = {52270E06-D3BB-4B8E-A261-377E460B5FD5}
		{6FB124C4-2BF9-4418-92A5-833B7E31F4AA} = {4FAAB5E4-2D81-4062-90D2-6F68DF746BD2}
		{62C826BE-46A7-406F-B2A7-BB5CFA5D2951} = {52270E06-D3BB-4B8E-A261-377E460B5FD5}
		{11E8BB7F-D884-4EAD-B5FD-A44449652F76} = {4FAAB5E4-2D81-4062-90D2-6F68DF746BD2}
		{68AB8A1A-AB8A-498F-A86D-D9B3983D0668} = {52270E06-D3BB-4B8E-A261-377E460B5FD5}
		{4F9D2447-81EE-4759-9A47-D93135C6C063} = {95906F8E-04C3-49F0-96D5-D6B78A8FF9C9}
		{0175D7B1-5497-40AE-B282-E41A6CE4224F} = {4FAAB5E4-2D81-4062-90D2-6F68DF746BD2}
		{C9D9B453-7CFB-4A3B-B61A-79E5FD8D19EB} = {52270E06-D3BB-4B8E-A261-377E460B5FD5}
	EndGlobalSection
	GlobalSection(ExtensibilityGlobals) = postSolution
		SolutionGuid = {732C3E99-FDF6-4748-A339-C3C162241038}
	EndGlobalSection
EndGlobal
